
Microsoft Visual Studio Solution File, Format Version 12.00
# Visual Studio Version 17
VisualStudioVersion = 17.4.33213.308
MinimumVisualStudioVersion = 10.0.40219.1
Project("{FAE04EC0-301F-11D3-BF4B-00C04F79EFBC}") = "FORM6", "FORM6\FORM6.csproj", "{BBC0EF82-1930-4395-AB85-864B5409651B}"
EndProject
Global
	GlobalSection(SolutionConfigurationPlatforms) = preSolution
		Debug|Any CPU = Debug|Any CPU
		Release|Any CPU = Release|Any CPU
	EndGlobalSection
	GlobalSection(ProjectConfigurationPlatforms) = postSolution
		{BBC0EF82-1930-4395-AB85-864B5409651B}.Debug|Any CPU.ActiveCfg = Debug|Any CPU
		{BBC0EF82-1930-4395-AB85-864B5409651B}.Debug|Any CPU.Build.0 = Debug|Any CPU
		{BBC0EF82-1930-4395-AB85-864B5409651B}.Release|Any CPU.ActiveCfg = Release|Any CPU
		{BBC0EF82-1930-4395-AB85-864B5409651B}.Release|Any CPU.Build.0 = Release|Any CPU
	EndGlobalSection
	GlobalSection(SolutionProperties) = preSolution
		HideSolutionNode = FALSE
	EndGlobalSection
	GlobalSection(ExtensibilityGlobals) = postSolution
		SolutionGuid = {0E91646C-5EAA-4EE8-8480-D3A0D2DA8789}
	EndGlobalSection
EndGlobal
